
Microsoft Visual Studio Solution File, Format Version 12.00
# Visual Studio Version 16
VisualStudioVersion = 16.0.28729.10
MinimumVisualStudioVersion = 10.0.40219.1
Project("{FAE04EC0-301F-11D3-BF4B-00C04F79EFBC}") = "T-FX", "FX\T-FX.csproj", "{29682CB5-F7CB-48CE-AC55-674CF91586BB}"
EndProject
Global
	GlobalSection(SolutionConfigurationPlatforms) = preSolution
		Debug|Any CPU = Debug|Any CPU
		Release|Any CPU = Release|Any CPU
	EndGlobalSection
	GlobalSection(ProjectConfigurationPlatforms) = postSolution
		{29682CB5-F7CB-48CE-AC55-674CF91586BB}.Debug|Any CPU.ActiveCfg = Debug|Any CPU
		{29682CB5-F7CB-48CE-AC55-674CF91586BB}.Debug|Any CPU.Build.0 = Debug|Any CPU
		{29682CB5-F7CB-48CE-AC55-674CF91586BB}.Release|Any CPU.ActiveCfg = Release|Any CPU
		{29682CB5-F7CB-48CE-AC55-674CF91586BB}.Release|Any CPU.Build.0 = Release|Any CPU
	EndGlobalSection
	GlobalSection(SolutionProperties) = preSolution
		HideSolutionNode = FALSE
	EndGlobalSection
	GlobalSection(ExtensibilityGlobals) = postSolution
		SolutionGuid = {F3DC9782-E85D-40A2-92D3-71EBAA19A0D7}
	EndGlobalSection
EndGlobal
